// !$*UTF8*$!
{
	archiveVersion = 1;
	classes = {
	};
	objectVersion = 56;
	objects = {

/* Begin PBXBuildFile section */
		851C968E2A817FFF00717D5B /* AppDelegate.swift in Sources */ = {isa = PBXBuildFile; fileRef = 851C968D2A817FFF00717D5B /* AppDelegate.swift */; };
		851C96902A817FFF00717D5B /* SceneDelegate.swift in Sources */ = {isa = PBXBuildFile; fileRef = 851C968F2A817FFF00717D5B /* SceneDelegate.swift */; };
		851C96922A817FFF00717D5B /* HomeViewController.swift in Sources */ = {isa = PBXBuildFile; fileRef = 851C96912A817FFF00717D5B /* HomeViewController.swift */; };
		851C96972A81800100717D5B /* Assets.xcassets in Resources */ = {isa = PBXBuildFile; fileRef = 851C96962A81800100717D5B /* Assets.xcassets */; };
		851C969A2A81800100717D5B /* LaunchScreen.storyboard in Resources */ = {isa = PBXBuildFile; fileRef = 851C96982A81800100717D5B /* LaunchScreen.storyboard */; };
		851C96A22A81819B00717D5B /* AppRouter.swift in Sources */ = {isa = PBXBuildFile; fileRef = 851C96A12A81819B00717D5B /* AppRouter.swift */; };
		851C96A62A8186A800717D5B /* SnapKit in Frameworks */ = {isa = PBXBuildFile; productRef = 851C96A52A8186A800717D5B /* SnapKit */; };
		851C96A82A8193CB00717D5B /* SceneRenderer.swift in Sources */ = {isa = PBXBuildFile; fileRef = 851C96A72A8193CB00717D5B /* SceneRenderer.swift */; };
		851C96AC2A81949C00717D5B /* SceneViewController.swift in Sources */ = {isa = PBXBuildFile; fileRef = 851C96AB2A81949C00717D5B /* SceneViewController.swift */; };
		851C96AE2A8196CF00717D5B /* Filters.swift in Sources */ = {isa = PBXBuildFile; fileRef = 851C96AD2A8196CF00717D5B /* Filters.swift */; };
		851C96B22A81A2E400717D5B /* Filters.metal in Sources */ = {isa = PBXBuildFile; fileRef = 851C96B12A81A2E400717D5B /* Filters.metal */; };
		851C96B42A81B14500717D5B /* Media.xcassets in Resources */ = {isa = PBXBuildFile; fileRef = 851C96B32A81B14500717D5B /* Media.xcassets */; };
		851C96B62A81DA6900717D5B /* UIImage+MTLTexture.swift in Sources */ = {isa = PBXBuildFile; fileRef = 851C96B52A81DA6900717D5B /* UIImage+MTLTexture.swift */; };
		851C96B92A81DB7400717D5B /* HomeModule.swift in Sources */ = {isa = PBXBuildFile; fileRef = 851C96B82A81DB7400717D5B /* HomeModule.swift */; };
		851C96BF2A81E04000717D5B /* FiltersViewController.swift in Sources */ = {isa = PBXBuildFile; fileRef = 851C96BE2A81E04000717D5B /* FiltersViewController.swift */; };
/* End PBXBuildFile section */

/* Begin PBXFileReference section */
		851C968A2A817FFF00717D5B /* MetalRendererDemo.app */ = {isa = PBXFileReference; explicitFileType = wrapper.application; includeInIndex = 0; path = MetalRendererDemo.app; sourceTree = BUILT_PRODUCTS_DIR; };
		851C968D2A817FFF00717D5B /* AppDelegate.swift */ = {isa = PBXFileReference; lastKnownFileType = sourcecode.swift; path = AppDelegate.swift; sourceTree = "<group>"; };
		851C968F2A817FFF00717D5B /* SceneDelegate.swift */ = {isa = PBXFileReference; lastKnownFileType = sourcecode.swift; path = SceneDelegate.swift; sourceTree = "<group>"; };
		851C96912A817FFF00717D5B /* HomeViewController.swift */ = {isa = PBXFileReference; lastKnownFileType = sourcecode.swift; path = HomeViewController.swift; sourceTree = "<group>"; };
		851C96962A81800100717D5B /* Assets.xcassets */ = {isa = PBXFileReference; lastKnownFileType = folder.assetcatalog; path = Assets.xcassets; sourceTree = "<group>"; };
		851C96992A81800100717D5B /* Base */ = {isa = PBXFileReference; lastKnownFileType = file.storyboard; name = Base; path = Base.lproj/LaunchScreen.storyboard; sourceTree = "<group>"; };
		851C969B2A81800100717D5B /* Info.plist */ = {isa = PBXFileReference; lastKnownFileType = text.plist.xml; path = Info.plist; sourceTree = "<group>"; };
		851C96A12A81819B00717D5B /* AppRouter.swift */ = {isa = PBXFileReference; lastKnownFileType = sourcecode.swift; path = AppRouter.swift; sourceTree = "<group>"; };
		851C96A72A8193CB00717D5B /* SceneRenderer.swift */ = {isa = PBXFileReference; lastKnownFileType = sourcecode.swift; path = SceneRenderer.swift; sourceTree = "<group>"; };
		851C96AB2A81949C00717D5B /* SceneViewController.swift */ = {isa = PBXFileReference; lastKnownFileType = sourcecode.swift; path = SceneViewController.swift; sourceTree = "<group>"; };
		851C96AD2A8196CF00717D5B /* Filters.swift */ = {isa = PBXFileReference; lastKnownFileType = sourcecode.swift; path = Filters.swift; sourceTree = "<group>"; };
		851C96B12A81A2E400717D5B /* Filters.metal */ = {isa = PBXFileReference; lastKnownFileType = sourcecode.metal; path = Filters.metal; sourceTree = "<group>"; };
		851C96B32A81B14500717D5B /* Media.xcassets */ = {isa = PBXFileReference; lastKnownFileType = folder.assetcatalog; path = Media.xcassets; sourceTree = "<group>"; };
		851C96B52A81DA6900717D5B /* UIImage+MTLTexture.swift */ = {isa = PBXFileReference; lastKnownFileType = sourcecode.swift; path = "UIImage+MTLTexture.swift"; sourceTree = "<group>"; };
		851C96B82A81DB7400717D5B /* HomeModule.swift */ = {isa = PBXFileReference; lastKnownFileType = sourcecode.swift; path = HomeModule.swift; sourceTree = "<group>"; };
		851C96BE2A81E04000717D5B /* FiltersViewController.swift */ = {isa = PBXFileReference; lastKnownFileType = sourcecode.swift; path = FiltersViewController.swift; sourceTree = "<group>"; };
/* End PBXFileReference section */

/* Begin PBXFrameworksBuildPhase section */
		851C96872A817FFF00717D5B /* Frameworks */ = {
			isa = PBXFrameworksBuildPhase;
			buildActionMask = 2147483647;
			files = (
				851C96A62A8186A800717D5B /* SnapKit in Frameworks */,
			);
			runOnlyForDeploymentPostprocessing = 0;
		};
/* End PBXFrameworksBuildPhase section */

/* Begin PBXGroup section */
		851C96812A817FFF00717D5B = {
			isa = PBXGroup;
			children = (
				851C968C2A817FFF00717D5B /* MetalRendererDemo */,
				851C968B2A817FFF00717D5B /* Products */,
			);
			sourceTree = "<group>";
		};
		851C968B2A817FFF00717D5B /* Products */ = {
			isa = PBXGroup;
			children = (
				851C968A2A817FFF00717D5B /* MetalRendererDemo.app */,
			);
			name = Products;
			sourceTree = "<group>";
		};
		851C968C2A817FFF00717D5B /* MetalRendererDemo */ = {
			isa = PBXGroup;
			children = (
				851C96BD2A81DE4300717D5B /* App */,
				851C96B72A81DB6800717D5B /* Home */,
				851C96BA2A81DCD400717D5B /* MetalFilters */,
				851C96C02A81E05200717D5B /* Filters */,
				851C96BB2A81DD7800717D5B /* Scene */,
				851C96BC2A81DD8000717D5B /* Extensions */,
				851C96962A81800100717D5B /* Assets.xcassets */,
				851C96B32A81B14500717D5B /* Media.xcassets */,
				851C96982A81800100717D5B /* LaunchScreen.storyboard */,
				851C969B2A81800100717D5B /* Info.plist */,
			);
			path = MetalRendererDemo;
			sourceTree = "<group>";
		};
		851C96B72A81DB6800717D5B /* Home */ = {
			isa = PBXGroup;
			children = (
				851C96B82A81DB7400717D5B /* HomeModule.swift */,
				851C96912A817FFF00717D5B /* HomeViewController.swift */,
			);
			path = Home;
			sourceTree = "<group>";
		};
		851C96BA2A81DCD400717D5B /* MetalFilters */ = {
			isa = PBXGroup;
			children = (
				851C96AD2A8196CF00717D5B /* Filters.swift */,
				851C96B12A81A2E400717D5B /* Filters.metal */,
			);
			path = MetalFilters;
			sourceTree = "<group>";
		};
		851C96BB2A81DD7800717D5B /* Scene */ = {
			isa = PBXGroup;
			children = (
				851C96AB2A81949C00717D5B /* SceneViewController.swift */,
				851C96A72A8193CB00717D5B /* SceneRenderer.swift */,
			);
			path = Scene;
			sourceTree = "<group>";
		};
		851C96BC2A81DD8000717D5B /* Extensions */ = {
			isa = PBXGroup;
			children = (
				851C96B52A81DA6900717D5B /* UIImage+MTLTexture.swift */,
			);
			path = Extensions;
			sourceTree = "<group>";
		};
		851C96BD2A81DE4300717D5B /* App */ = {
			isa = PBXGroup;
			children = (
				851C968D2A817FFF00717D5B /* AppDelegate.swift */,
				851C968F2A817FFF00717D5B /* SceneDelegate.swift */,
				851C96A12A81819B00717D5B /* AppRouter.swift */,
			);
			path = App;
			sourceTree = "<group>";
		};
		851C96C02A81E05200717D5B /* Filters */ = {
			isa = PBXGroup;
			children = (
				851C96BE2A81E04000717D5B /* FiltersViewController.swift */,
			);
			path = Filters;
			sourceTree = "<group>";
		};
/* End PBXGroup section */

/* Begin PBXNativeTarget section */
		851C96892A817FFF00717D5B /* MetalRendererDemo */ = {
			isa = PBXNativeTarget;
			buildConfigurationList = 851C969E2A81800100717D5B /* Build configuration list for PBXNativeTarget "MetalRendererDemo" */;
			buildPhases = (
				851C96862A817FFF00717D5B /* Sources */,
				851C96872A817FFF00717D5B /* Frameworks */,
				851C96882A817FFF00717D5B /* Resources */,
			);
			buildRules = (
			);
			dependencies = (
			);
			name = MetalRendererDemo;
			packageProductDependencies = (
				851C96A52A8186A800717D5B /* SnapKit */,
			);
			productName = MetalRendererDemo;
			productReference = 851C968A2A817FFF00717D5B /* MetalRendererDemo.app */;
			productType = "com.apple.product-type.application";
		};
/* End PBXNativeTarget section */

/* Begin PBXProject section */
		851C96822A817FFF00717D5B /* Project object */ = {
			isa = PBXProject;
			attributes = {
				BuildIndependentTargetsInParallel = 1;
				LastSwiftUpdateCheck = 1430;
				LastUpgradeCheck = 1430;
				TargetAttributes = {
					851C96892A817FFF00717D5B = {
						CreatedOnToolsVersion = 14.3.1;
					};
				};
			};
			buildConfigurationList = 851C96852A817FFF00717D5B /* Build configuration list for PBXProject "MetalRendererDemo" */;
			compatibilityVersion = "Xcode 14.0";
			developmentRegion = en;
			hasScannedForEncodings = 0;
			knownRegions = (
				en,
				Base,
			);
			mainGroup = 851C96812A817FFF00717D5B;
			packageReferences = (
				851C96A42A8186A800717D5B /* XCRemoteSwiftPackageReference "SnapKit" */,
			);
			productRefGroup = 851C968B2A817FFF00717D5B /* Products */;
			projectDirPath = "";
			projectRoot = "";
			targets = (
				851C96892A817FFF00717D5B /* MetalRendererDemo */,
			);
		};
/* End PBXProject section */

/* Begin PBXResourcesBuildPhase section */
		851C96882A817FFF00717D5B /* Resources */ = {
			isa = PBXResourcesBuildPhase;
			buildActionMask = 2147483647;
			files = (
				851C969A2A81800100717D5B /* LaunchScreen.storyboard in Resources */,
				851C96972A81800100717D5B /* Assets.xcassets in Resources */,
				851C96B42A81B14500717D5B /* Media.xcassets in Resources */,
			);
			runOnlyForDeploymentPostprocessing = 0;
		};
/* End PBXResourcesBuildPhase section */

/* Begin PBXSourcesBuildPhase section */
		851C96862A817FFF00717D5B /* Sources */ = {
			isa = PBXSourcesBuildPhase;
			buildActionMask = 2147483647;
			files = (
				851C96A22A81819B00717D5B /* AppRouter.swift in Sources */,
				851C96B22A81A2E400717D5B /* Filters.metal in Sources */,
				851C96A82A8193CB00717D5B /* SceneRenderer.swift in Sources */,
				851C96B62A81DA6900717D5B /* UIImage+MTLTexture.swift in Sources */,
				851C96BF2A81E04000717D5B /* FiltersViewController.swift in Sources */,
				851C96B92A81DB7400717D5B /* HomeModule.swift in Sources */,
				851C96922A817FFF00717D5B /* HomeViewController.swift in Sources */,
				851C968E2A817FFF00717D5B /* AppDelegate.swift in Sources */,
				851C96902A817FFF00717D5B /* SceneDelegate.swift in Sources */,
				851C96AE2A8196CF00717D5B /* Filters.swift in Sources */,
				851C96AC2A81949C00717D5B /* SceneViewController.swift in Sources */,
			);
			runOnlyForDeploymentPostprocessing = 0;
		};
/* End PBXSourcesBuildPhase section */

/* Begin PBXVariantGroup section */
		851C96982A81800100717D5B /* LaunchScreen.storyboard */ = {
			isa = PBXVariantGroup;
			children = (
				851C96992A81800100717D5B /* Base */,
			);
			name = LaunchScreen.storyboard;
			sourceTree = "<group>";
		};
/* End PBXVariantGroup section */

/* Begin XCBuildConfiguration section */
		851C969C2A81800100717D5B /* Debug */ = {
			isa = XCBuildConfiguration;
			buildSettings = {
				ALWAYS_SEARCH_USER_PATHS = NO;
				CLANG_ANALYZER_NONNULL = YES;
				CLANG_ANALYZER_NUMBER_OBJECT_CONVERSION = YES_AGGRESSIVE;
				CLANG_CXX_LANGUAGE_STANDARD = "gnu++20";
				CLANG_ENABLE_MODULES = YES;
				CLANG_ENABLE_OBJC_ARC = YES;
				CLANG_ENABLE_OBJC_WEAK = YES;
				CLANG_WARN_BLOCK_CAPTURE_AUTORELEASING = YES;
				CLANG_WARN_BOOL_CONVERSION = YES;
				CLANG_WARN_COMMA = YES;
				CLANG_WARN_CONSTANT_CONVERSION = YES;
				CLANG_WARN_DEPRECATED_OBJC_IMPLEMENTATIONS = YES;
				CLANG_WARN_DIRECT_OBJC_ISA_USAGE = YES_ERROR;
				CLANG_WARN_DOCUMENTATION_COMMENTS = YES;
				CLANG_WARN_EMPTY_BODY = YES;
				CLANG_WARN_ENUM_CONVERSION = YES;
				CLANG_WARN_INFINITE_RECURSION = YES;
				CLANG_WARN_INT_CONVERSION = YES;
				CLANG_WARN_NON_LITERAL_NULL_CONVERSION = YES;
				CLANG_WARN_OBJC_IMPLICIT_RETAIN_SELF = YES;
				CLANG_WARN_OBJC_LITERAL_CONVERSION = YES;
				CLANG_WARN_OBJC_ROOT_CLASS = YES_ERROR;
				CLANG_WARN_QUOTED_INCLUDE_IN_FRAMEWORK_HEADER = YES;
				CLANG_WARN_RANGE_LOOP_ANALYSIS = YES;
				CLANG_WARN_STRICT_PROTOTYPES = YES;
				CLANG_WARN_SUSPICIOUS_MOVE = YES;
				CLANG_WARN_UNGUARDED_AVAILABILITY = YES_AGGRESSIVE;
				CLANG_WARN_UNREACHABLE_CODE = YES;
				CLANG_WARN__DUPLICATE_METHOD_MATCH = YES;
				COPY_PHASE_STRIP = NO;
				DEBUG_INFORMATION_FORMAT = dwarf;
				ENABLE_STRICT_OBJC_MSGSEND = YES;
				ENABLE_TESTABILITY = YES;
				GCC_C_LANGUAGE_STANDARD = gnu11;
				GCC_DYNAMIC_NO_PIC = NO;
				GCC_NO_COMMON_BLOCKS = YES;
				GCC_OPTIMIZATION_LEVEL = 0;
				GCC_PREPROCESSOR_DEFINITIONS = (
					"DEBUG=1",
					"$(inherited)",
				);
				GCC_WARN_64_TO_32_BIT_CONVERSION = YES;
				GCC_WARN_ABOUT_RETURN_TYPE = YES_ERROR;
				GCC_WARN_UNDECLARED_SELECTOR = YES;
				GCC_WARN_UNINITIALIZED_AUTOS = YES_AGGRESSIVE;
				GCC_WARN_UNUSED_FUNCTION = YES;
				GCC_WARN_UNUSED_VARIABLE = YES;
				IPHONEOS_DEPLOYMENT_TARGET = 16.4;
				MTL_ENABLE_DEBUG_INFO = INCLUDE_SOURCE;
				MTL_FAST_MATH = YES;
				ONLY_ACTIVE_ARCH = YES;
				SDKROOT = iphoneos;
				SWIFT_ACTIVE_COMPILATION_CONDITIONS = DEBUG;
				SWIFT_OPTIMIZATION_LEVEL = "-Onone";
			};
			name = Debug;
		};
		851C969D2A81800100717D5B /* Release */ = {
			isa = XCBuildConfiguration;
			buildSettings = {
				ALWAYS_SEARCH_USER_PATHS = NO;
				CLANG_ANALYZER_NONNULL = YES;
				CLANG_ANALYZER_NUMBER_OBJECT_CONVERSION = YES_AGGRESSIVE;
				CLANG_CXX_LANGUAGE_STANDARD = "gnu++20";
				CLANG_ENABLE_MODULES = YES;
				CLANG_ENABLE_OBJC_ARC = YES;
				CLANG_ENABLE_OBJC_WEAK = YES;
				CLANG_WARN_BLOCK_CAPTURE_AUTORELEASING = YES;
				CLANG_WARN_BOOL_CONVERSION = YES;
				CLANG_WARN_COMMA = YES;
				CLANG_WARN_CONSTANT_CONVERSION = YES;
				CLANG_WARN_DEPRECATED_OBJC_IMPLEMENTATIONS = YES;
				CLANG_WARN_DIRECT_OBJC_ISA_USAGE = YES_ERROR;
				CLANG_WARN_DOCUMENTATION_COMMENTS = YES;
				CLANG_WARN_EMPTY_BODY = YES;
				CLANG_WARN_ENUM_CONVERSION = YES;
				CLANG_WARN_INFINITE_RECURSION = YES;
				CLANG_WARN_INT_CONVERSION = YES;
				CLANG_WARN_NON_LITERAL_NULL_CONVERSION = YES;
				CLANG_WARN_OBJC_IMPLICIT_RETAIN_SELF = YES;
				CLANG_WARN_OBJC_LITERAL_CONVERSION = YES;
				CLANG_WARN_OBJC_ROOT_CLASS = YES_ERROR;
				CLANG_WARN_QUOTED_INCLUDE_IN_FRAMEWORK_HEADER = YES;
				CLANG_WARN_RANGE_LOOP_ANALYSIS = YES;
				CLANG_WARN_STRICT_PROTOTYPES = YES;
				CLANG_WARN_SUSPICIOUS_MOVE = YES;
				CLANG_WARN_UNGUARDED_AVAILABILITY = YES_AGGRESSIVE;
				CLANG_WARN_UNREACHABLE_CODE = YES;
				CLANG_WARN__DUPLICATE_METHOD_MATCH = YES;
				COPY_PHASE_STRIP = NO;
				DEBUG_INFORMATION_FORMAT = "dwarf-with-dsym";
				ENABLE_NS_ASSERTIONS = NO;
				ENABLE_STRICT_OBJC_MSGSEND = YES;
				GCC_C_LANGUAGE_STANDARD = gnu11;
				GCC_NO_COMMON_BLOCKS = YES;
				GCC_WARN_64_TO_32_BIT_CONVERSION = YES;
				GCC_WARN_ABOUT_RETURN_TYPE = YES_ERROR;
				GCC_WARN_UNDECLARED_SELECTOR = YES;
				GCC_WARN_UNINITIALIZED_AUTOS = YES_AGGRESSIVE;
				GCC_WARN_UNUSED_FUNCTION = YES;
				GCC_WARN_UNUSED_VARIABLE = YES;
				IPHONEOS_DEPLOYMENT_TARGET = 16.4;
				MTL_ENABLE_DEBUG_INFO = NO;
				MTL_FAST_MATH = YES;
				SDKROOT = iphoneos;
				SWIFT_COMPILATION_MODE = wholemodule;
				SWIFT_OPTIMIZATION_LEVEL = "-O";
				VALIDATE_PRODUCT = YES;
			};
			name = Release;
		};
		851C969F2A81800100717D5B /* Debug */ = {
			isa = XCBuildConfiguration;
			buildSettings = {
				ASSETCATALOG_COMPILER_APPICON_NAME = AppIcon;
				ASSETCATALOG_COMPILER_GLOBAL_ACCENT_COLOR_NAME = AccentColor;
				CODE_SIGN_STYLE = Automatic;
				CURRENT_PROJECT_VERSION = 1;
				DEVELOPMENT_TEAM = LAH29MAHC7;
				GENERATE_INFOPLIST_FILE = YES;
				INFOPLIST_FILE = MetalRendererDemo/Info.plist;
				INFOPLIST_KEY_UIApplicationSupportsIndirectInputEvents = YES;
				INFOPLIST_KEY_UILaunchStoryboardName = LaunchScreen.storyboard;
				INFOPLIST_KEY_UISupportedInterfaceOrientations = UIInterfaceOrientationPortrait;
				LD_RUNPATH_SEARCH_PATHS = (
					"$(inherited)",
					"@executable_path/Frameworks",
				);
				MARKETING_VERSION = 1.0;
				PRODUCT_BUNDLE_IDENTIFIER = com.serhiiborysov.MetalRendererDemo;
				PRODUCT_NAME = "$(TARGET_NAME)";
				SWIFT_EMIT_LOC_STRINGS = YES;
				SWIFT_VERSION = 5.0;
				TARGETED_DEVICE_FAMILY = "1,2";
			};
			name = Debug;
		};
		851C96A02A81800100717D5B /* Release */ = {
			isa = XCBuildConfiguration;
			buildSettings = {
				ASSETCATALOG_COMPILER_APPICON_NAME = AppIcon;
				ASSETCATALOG_COMPILER_GLOBAL_ACCENT_COLOR_NAME = AccentColor;
				CODE_SIGN_STYLE = Automatic;
				CURRENT_PROJECT_VERSION = 1;
				DEVELOPMENT_TEAM = LAH29MAHC7;
				GENERATE_INFOPLIST_FILE = YES;
				INFOPLIST_FILE = MetalRendererDemo/Info.plist;
				INFOPLIST_KEY_UIApplicationSupportsIndirectInputEvents = YES;
				INFOPLIST_KEY_UILaunchStoryboardName = LaunchScreen.storyboard;
				INFOPLIST_KEY_UISupportedInterfaceOrientations = UIInterfaceOrientationPortrait;
				LD_RUNPATH_SEARCH_PATHS = (
					"$(inherited)",
					"@executable_path/Frameworks",
				);
				MARKETING_VERSION = 1.0;
				PRODUCT_BUNDLE_IDENTIFIER = com.serhiiborysov.MetalRendererDemo;
				PRODUCT_NAME = "$(TARGET_NAME)";
				SWIFT_EMIT_LOC_STRINGS = YES;
				SWIFT_VERSION = 5.0;
				TARGETED_DEVICE_FAMILY = "1,2";
			};
			name = Release;
		};
/* End XCBuildConfiguration section */

/* Begin XCConfigurationList section */
		851C96852A817FFF00717D5B /* Build configuration list for PBXProject "MetalRendererDemo" */ = {
			isa = XCConfigurationList;
			buildConfigurations = (
				851C969C2A81800100717D5B /* Debug */,
				851C969D2A81800100717D5B /* Release */,
			);
			defaultConfigurationIsVisible = 0;
			defaultConfigurationName = Release;
		};
		851C969E2A81800100717D5B /* Build configuration list for PBXNativeTarget "MetalRendererDemo" */ = {
			isa = XCConfigurationList;
			buildConfigurations = (
				851C969F2A81800100717D5B /* Debug */,
				851C96A02A81800100717D5B /* Release */,
			);
			defaultConfigurationIsVisible = 0;
			defaultConfigurationName = Release;
		};
/* End XCConfigurationList section */

/* Begin XCRemoteSwiftPackageReference section */
		851C96A42A8186A800717D5B /* XCRemoteSwiftPackageReference "SnapKit" */ = {
			isa = XCRemoteSwiftPackageReference;
			repositoryURL = "https://github.com/SnapKit/SnapKit";
			requirement = {
				kind = upToNextMajorVersion;
				minimumVersion = 5.0.0;
			};
		};
/* End XCRemoteSwiftPackageReference section */

/* Begin XCSwiftPackageProductDependency section */
		851C96A52A8186A800717D5B /* SnapKit */ = {
			isa = XCSwiftPackageProductDependency;
			package = 851C96A42A8186A800717D5B /* XCRemoteSwiftPackageReference "SnapKit" */;
			productName = SnapKit;
		};
/* End XCSwiftPackageProductDependency section */
	};
	rootObject = 851C96822A817FFF00717D5B /* Project object */;
}
